
Microsoft Visual Studio Solution File, Format Version 12.00
# Visual Studio Version 17
VisualStudioVersion = 17.5.2.0
MinimumVisualStudioVersion = 10.0.40219.1
Project("{FAE04EC0-301F-11D3-BF4B-00C04F79EFBC}") = "GREENHERB", "GREENHERB\GREENHERB.csproj", "{EF2638C4-ED9D-3D16-083B-3EFF71258ADB}"
EndProject
Project("{FAE04EC0-301F-11D3-BF4B-00C04F79EFBC}") = "GREENHERB.Tests", "GREENHERB.Tests\GREENHERB.Tests.csproj", "{189F9392-D49A-456E-8CB7-61E35B249FC0}"
EndProject
Project("{2150E333-8FDC-42A3-9474-1A3956D46DE8}") = "greenherb", "greenherb", "{D1634938-21BD-D772-D178-67045882AA24}"
EndProject
Global
	GlobalSection(SolutionConfigurationPlatforms) = preSolution
		Debug|Any CPU = Debug|Any CPU
		Debug|x64 = Debug|x64
		Debug|x86 = Debug|x86
		Release|Any CPU = Release|Any CPU
		Release|x64 = Release|x64
		Release|x86 = Release|x86
	EndGlobalSection
	GlobalSection(ProjectConfigurationPlatforms) = postSolution
		{EF2638C4-ED9D-3D16-083B-3EFF71258ADB}.Debug|Any CPU.ActiveCfg = Debug|Any CPU
		{EF2638C4-ED9D-3D16-083B-3EFF71258ADB}.Debug|Any CPU.Build.0 = Debug|Any CPU
		{EF2638C4-ED9D-3D16-083B-3EFF71258ADB}.Debug|x64.ActiveCfg = Debug|Any CPU
		{EF2638C4-ED9D-3D16-083B-3EFF71258ADB}.Debug|x64.Build.0 = Debug|Any CPU
		{EF2638C4-ED9D-3D16-083B-3EFF71258ADB}.Debug|x86.ActiveCfg = Debug|Any CPU
		{EF2638C4-ED9D-3D16-083B-3EFF71258ADB}.Debug|x86.Build.0 = Debug|Any CPU
		{EF2638C4-ED9D-3D16-083B-3EFF71258ADB}.Release|Any CPU.ActiveCfg = Release|Any CPU
		{EF2638C4-ED9D-3D16-083B-3EFF71258ADB}.Release|Any CPU.Build.0 = Release|Any CPU
		{EF2638C4-ED9D-3D16-083B-3EFF71258ADB}.Release|x64.ActiveCfg = Release|Any CPU
		{EF2638C4-ED9D-3D16-083B-3EFF71258ADB}.Release|x64.Build.0 = Release|Any CPU
		{EF2638C4-ED9D-3D16-083B-3EFF71258ADB}.Release|x86.ActiveCfg = Release|Any CPU
		{EF2638C4-ED9D-3D16-083B-3EFF71258ADB}.Release|x86.Build.0 = Release|Any CPU
		{189F9392-D49A-456E-8CB7-61E35B249FC0}.Debug|Any CPU.ActiveCfg = Debug|Any CPU
		{189F9392-D49A-456E-8CB7-61E35B249FC0}.Debug|Any CPU.Build.0 = Debug|Any CPU
		{189F9392-D49A-456E-8CB7-61E35B249FC0}.Debug|x64.ActiveCfg = Debug|Any CPU
		{189F9392-D49A-456E-8CB7-61E35B249FC0}.Debug|x64.Build.0 = Debug|Any CPU
		{189F9392-D49A-456E-8CB7-61E35B249FC0}.Debug|x86.ActiveCfg = Debug|Any CPU
		{189F9392-D49A-456E-8CB7-61E35B249FC0}.Debug|x86.Build.0 = Debug|Any CPU
		{189F9392-D49A-456E-8CB7-61E35B249FC0}.Release|Any CPU.ActiveCfg = Release|Any CPU
		{189F9392-D49A-456E-8CB7-61E35B249FC0}.Release|Any CPU.Build.0 = Release|Any CPU
		{189F9392-D49A-456E-8CB7-61E35B249FC0}.Release|x64.ActiveCfg = Release|Any CPU
		{189F9392-D49A-456E-8CB7-61E35B249FC0}.Release|x64.Build.0 = Release|Any CPU
		{189F9392-D49A-456E-8CB7-61E35B249FC0}.Release|x86.ActiveCfg = Release|Any CPU
		{189F9392-D49A-456E-8CB7-61E35B249FC0}.Release|x86.Build.0 = Release|Any CPU
	EndGlobalSection
	GlobalSection(SolutionProperties) = preSolution
		HideSolutionNode = FALSE
	EndGlobalSection
	GlobalSection(ExtensibilityGlobals) = postSolution
		SolutionGuid = {7F44B0C9-AF6E-4963-8A3C-C2F01C5C7E24}
	EndGlobalSection
EndGlobal
